{
  "version": "5",
  "specifiers": {
    "npm:@nktkas/hyperliquid@~0.27.1": "0.27.1",
    "npm:@sentry/deno@^10.27.0": "10.27.0",
    "npm:@supabase/supabase-js@^2.86.0": "2.86.0"
  },
  "npm": {
    "@henrygd/semaphore@0.1.0": {
      "integrity": "sha512-5wRPsfP9iWnOTFRd7QKdHlWTgY9xw9GAHSkQP/Q05ZTKUBdfTj44BhsnADPfvBoUQVGDtP2Nd0UShVdeTLuLwA=="
    },
    "@nktkas/hyperliquid@0.27.1": {
      "integrity": "sha512-eyRVcTF1PYXCoO56wNBKpM/tcX0UnsQDcHQFFf/oaX/ax5btFf0GHB7gL8hUjNCgEVj/KSoXE4XMGwZjR58mJw==",
      "dependencies": [
        "@henrygd/semaphore",
        "@nktkas/rews",
        "@noble/hashes",
        "@noble/secp256k1",
        "valibot"
      ],
      "bin": true
    },
    "@nktkas/rews@1.2.1": {
      "integrity": "sha512-eoS2ucLwyfsHfWKu5zOUsIfHR1031WnEPsFAz6zceM/hMS+awjcnUmEnq61NMlg+GWp7hcwOLd9nvVVOS+0rNA=="
    },
    "@noble/hashes@2.0.1": {
      "integrity": "sha512-XlOlEbQcE9fmuXxrVTXCTlG2nlRXa9Rj3rr5Ue/+tX+nmkgbX720YHh0VR3hBF9xDvwnb8D2shVGOwNx+ulArw=="
    },
    "@noble/secp256k1@3.0.0": {
      "integrity": "sha512-NJBaR352KyIvj3t6sgT/+7xrNyF9Xk9QlLSIqUGVUYlsnDTAUqY8LOmwpcgEx4AMJXRITQ5XEVHD+mMaPfr3mg=="
    },
    "@opentelemetry/api@1.9.0": {
      "integrity": "sha512-3giAOQvZiH5F9bMlMiv8+GSPMeqg0dbaeo58/0SlA9sxSqZhnUtxzX9/2FzyhS9sWQf5S0GJE0AKBrFqjpeYcg=="
    },
    "@sentry/core@10.27.0": {
      "integrity": "sha512-Zc68kdH7tWTDtDbV1zWIbo3Jv0fHAU2NsF5aD2qamypKgfSIMSbWVxd22qZyDBkaX8gWIPm/0Sgx6aRXRBXrYQ=="
    },
    "@sentry/deno@10.27.0": {
      "integrity": "sha512-Z0kfXZfaFuF/PMDDfkK0SFZejOMYC0je4koyJwG8Q9HQnrMvVz7tmrUPheTKRQta98eVk3hmUhcVuM5/EN5kIQ==",
      "dependencies": [
        "@opentelemetry/api",
        "@sentry/core"
      ]
    },
    "@supabase/auth-js@2.86.0": {
      "integrity": "sha512-3xPqMvBWC6Haqpr6hEWmSUqDq+6SA1BAEdbiaHdAZM9QjZ5uiQJ+6iD9pZOzOa6MVXZh4GmwjhC9ObIG0K1NcA==",
      "dependencies": [
        "tslib"
      ]
    },
    "@supabase/functions-js@2.86.0": {
      "integrity": "sha512-AlOoVfeaq9XGlBFIyXTmb+y+CZzxNO4wWbfgRM6iPpNU5WCXKawtQYSnhivi3UVxS7GA0rWovY4d6cIAxZAojA==",
      "dependencies": [
        "tslib"
      ]
    },
    "@supabase/postgrest-js@2.86.0": {
      "integrity": "sha512-QVf+wIXILcZJ7IhWhWn+ozdf8B+oO0Ulizh2AAPxD/6nQL+x3r9lJ47a+fpc/jvAOGXMbkeW534Kw6jz7e8iIA==",
      "dependencies": [
        "tslib"
      ]
    },
    "@supabase/realtime-js@2.86.0": {
      "integrity": "sha512-dyS8bFoP29R/sj5zLi0AP3JfgG8ar1nuImcz5jxSx7UIW7fbFsXhUCVrSY2Ofo0+Ev6wiATiSdBOzBfWaiFyPA==",
      "dependencies": [
        "@types/phoenix",
        "@types/ws",
        "tslib",
        "ws"
      ]
    },
    "@supabase/storage-js@2.86.0": {
      "integrity": "sha512-PM47jX/Mfobdtx7NNpoj9EvlrkapAVTQBZgGGslEXD6NS70EcGjhgRPBItwHdxZPM5GwqQ0cGMN06uhjeY2mHQ==",
      "dependencies": [
        "iceberg-js",
        "tslib"
      ]
    },
    "@supabase/supabase-js@2.86.0": {
      "integrity": "sha512-BaC9sv5+HGNy1ulZwY8/Ev7EjfYYmWD4fOMw9bDBqTawEj6JHAiOHeTwXLRzVaeSay4p17xYLN2NSCoGgXMQnw==",
      "dependencies": [
        "@supabase/auth-js",
        "@supabase/functions-js",
        "@supabase/postgrest-js",
        "@supabase/realtime-js",
        "@supabase/storage-js"
      ]
    },
    "@types/node@24.2.0": {
      "integrity": "sha512-3xyG3pMCq3oYCNg7/ZP+E1ooTaGB4cG8JWRsqqOYQdbWNY4zbaV0Ennrd7stjiJEFZCaybcIgpTjJWHRfBSIDw==",
      "dependencies": [
        "undici-types"
      ]
    },
    "@types/phoenix@1.6.6": {
      "integrity": "sha512-PIzZZlEppgrpoT2QgbnDU+MMzuR6BbCjllj0bM70lWoejMeNJAxCchxnv7J3XFkI8MpygtRpzXrIlmWUBclP5A=="
    },
    "@types/ws@8.18.1": {
      "integrity": "sha512-ThVF6DCVhA8kUGy+aazFQ4kXQ7E1Ty7A3ypFOe0IcJV8O/M511G99AW24irKrW56Wt44yG9+ij8FaqoBGkuBXg==",
      "dependencies": [
        "@types/node"
      ]
    },
    "iceberg-js@0.8.0": {
      "integrity": "sha512-kmgmea2nguZEvRqW79gDqNXyxA3OS5WIgMVffrHpqXV4F/J4UmNIw2vstixioLTNSkd5rFB8G0s3Lwzogm6OFw=="
    },
    "tslib@2.8.1": {
      "integrity": "sha512-oJFu94HQb+KVduSUQL7wnpmqnfmLsOA/nAh6b6EH0wCEoK0/mPeXU6c3wKDV83MkOuHPRHtSXKKU99IBazS/2w=="
    },
    "undici-types@7.10.0": {
      "integrity": "sha512-t5Fy/nfn+14LuOc2KNYg75vZqClpAiqscVvMygNnlsHBFpSXdJaYtXMcdNLpl/Qvc3P2cB3s6lOV51nqsFq4ag=="
    },
    "valibot@1.2.0": {
      "integrity": "sha512-mm1rxUsmOxzrwnX5arGS+U4T25RdvpPjPN4yR0u9pUBov9+zGVtO84tif1eY4r6zWxVxu3KzIyknJy3rxfRZZg=="
    },
    "ws@8.18.3": {
      "integrity": "sha512-PEIGCY5tSlUt50cqyMXfCzX+oOPqN0vuGqWzbcJ2xvnkzkq46oOpz7dQaTDBdfICb4N14+GARUDw2XV2N4tvzg=="
    }
  },
  "workspace": {
    "dependencies": [
      "npm:@nktkas/hyperliquid@~0.27.1",
      "npm:@sentry/deno@^10.27.0",
      "npm:@supabase/supabase-js@^2.86.0"
    ]
  }
}
